
Microsoft Visual Studio Solution File, Format Version 12.00
# Visual Studio Version 17
VisualStudioVersion = 17.11.35312.102
MinimumVisualStudioVersion = 10.0.40219.1
Project("{FAE04EC0-301F-11D3-BF4B-00C04F79EFBC}") = "BarcaRH", "BarcaRH.csproj", "{D5E71AC2-6199-4307-8AF8-6F9533A19A0B}"
EndProject
Global
	GlobalSection(SolutionConfigurationPlatforms) = preSolution
		Debug|Any CPU = Debug|Any CPU
		Release|Any CPU = Release|Any CPU
	EndGlobalSection
	GlobalSection(ProjectConfigurationPlatforms) = postSolution
		{D5E71AC2-6199-4307-8AF8-6F9533A19A0B}.Debug|Any CPU.ActiveCfg = Debug|Any CPU
		{D5E71AC2-6199-4307-8AF8-6F9533A19A0B}.Debug|Any CPU.Build.0 = Debug|Any CPU
		{D5E71AC2-6199-4307-8AF8-6F9533A19A0B}.Release|Any CPU.ActiveCfg = Release|Any CPU
		{D5E71AC2-6199-4307-8AF8-6F9533A19A0B}.Release|Any CPU.Build.0 = Release|Any CPU
	EndGlobalSection
	GlobalSection(SolutionProperties) = preSolution
		HideSolutionNode = FALSE
	EndGlobalSection
	GlobalSection(ExtensibilityGlobals) = postSolution
		SolutionGuid = {0BA16073-BF91-4589-93C0-6BCF11F4A473}
	EndGlobalSection
EndGlobal
